
Microsoft Visual Studio Solution File, Format Version 12.00
# Visual Studio Version 17
VisualStudioVersion = 17.1.32407.343
MinimumVisualStudioVersion = 10.0.40219.1
Project("{FAE04EC0-301F-11D3-BF4B-00C04F79EFBC}") = "Examen", "Examen\Examen.csproj", "{934F42A3-2404-46BF-AEBC-A2CCE2283495}"
EndProject
Global
	GlobalSection(SolutionConfigurationPlatforms) = preSolution
		Debug|Any CPU = Debug|Any CPU
		Release|Any CPU = Release|Any CPU
	EndGlobalSection
	GlobalSection(ProjectConfigurationPlatforms) = postSolution
		{934F42A3-2404-46BF-AEBC-A2CCE2283495}.Debug|Any CPU.ActiveCfg = Debug|Any CPU
		{934F42A3-2404-46BF-AEBC-A2CCE2283495}.Debug|Any CPU.Build.0 = Debug|Any CPU
		{934F42A3-2404-46BF-AEBC-A2CCE2283495}.Release|Any CPU.ActiveCfg = Release|Any CPU
		{934F42A3-2404-46BF-AEBC-A2CCE2283495}.Release|Any CPU.Build.0 = Release|Any CPU
	EndGlobalSection
	GlobalSection(SolutionProperties) = preSolution
		HideSolutionNode = FALSE
	EndGlobalSection
	GlobalSection(ExtensibilityGlobals) = postSolution
		SolutionGuid = {6DF57A45-E193-49E5-8E27-96FB8D08FE47}
	EndGlobalSection
EndGlobal
